github.com/uaxe/infra v0.0.0-20240206032506-9494885f24db h1:x4pECZey0bO6Np3OHQbuHBMK7gUfNRXplx8E8jNnz40=
github.com/uaxe/infra v0.0.0-20240206032506-9494885f24db/go.mod h1:+XyHaMGxVLbrM6A6xVwPlj2amfiNFb6PXXx7CtDfJQw=
github.com/uaxe/infra v0.0.0-20240207084124-90d5104dd159 h1:2Njyg9Tg+0ajW4J7OT1o8pIcMgrp0bxMU5giPS19YlE=
github.com/uaxe/infra v0.0.0-20240207084124-90d5104dd159/go.mod h1:+XyHaMGxVLbrM6A6xVwPlj2amfiNFb6PXXx7CtDfJQw=
